dependencies:
- name: postgresql
  repository: oci://registry.clemlab.com/clemlabprojects/charts
  version: 17.0.1
- name: opensearch
  repository: oci://registry.clemlab.com/clemlabprojects/charts
  version: 2.18.0
- name: openmetadata-dependencies
  repository: oci://registry.clemlab.com/clemlabprojects/charts
  version: 1.12.9
digest: sha256:811ed7c4a3e80c9c8850c0cccb6216247716ed60973fa2a7e9bb63a5d3497f52
generated: "2026-07-08T12:16:27.538709371Z"
